# This file is automatically generated by uv.
# It is not intended for manual editing.
version = 1

[[package]]
name = "arbit"
version = "0.1.0"
source = { editable = "." }
dependencies = [
    { name = "numpy" },
]

[package.dev-dependencies]
black = []
mypy = []
pytest = []
ruff = []

[package.metadata]

[[package]]
name = "numpy"
version = "2.2.3"
source = { registry = "https://pypi.org/simple" }

[package.metadata]



