# This file is automatically @generated by Cargo.
# It is not intended for manual editing.
version = 4

[[package]]
name = "arbit-cli"
version = "0.1.0"

[[package]]
name = "arbit-core"
version = "0.1.0"

[[package]]
name = "arbit-ffi"
version = "0.1.0"

[[package]]
name = "arbit-providers"
version = "0.1.0"

[[package]]
name = "arbit-swift"
version = "0.1.0"
